
Microsoft Visual Studio Solution File, Format Version 12.00
# Visual Studio Version 17
VisualStudioVersion = 17.4.33110.190
MinimumVisualStudioVersion = 10.0.40219.1
Project("{FAE04EC0-301F-11D3-BF4B-00C04F79EFBC}") = "StaticSpeakers", "StaticSpeakers\StaticSpeakers.csproj", "{804B37A0-9473-43D4-A521-9580AE29AF49}"
EndProject
Global
	GlobalSection(SolutionConfigurationPlatforms) = preSolution
		Debug|Any CPU = Debug|Any CPU
		Release|Any CPU = Release|Any CPU
	EndGlobalSection
	GlobalSection(ProjectConfigurationPlatforms) = postSolution
		{804B37A0-9473-43D4-A521-9580AE29AF49}.Debug|Any CPU.ActiveCfg = Debug|Any CPU
		{804B37A0-9473-43D4-A521-9580AE29AF49}.Debug|Any CPU.Build.0 = Debug|Any CPU
		{804B37A0-9473-43D4-A521-9580AE29AF49}.Release|Any CPU.ActiveCfg = Release|Any CPU
		{804B37A0-9473-43D4-A521-9580AE29AF49}.Release|Any CPU.Build.0 = Release|Any CPU
	EndGlobalSection
	GlobalSection(SolutionProperties) = preSolution
		HideSolutionNode = FALSE
	EndGlobalSection
	GlobalSection(ExtensibilityGlobals) = postSolution
		SolutionGuid = {00678668-8267-4F5A-BCF9-3B3B71586A71}
	EndGlobalSection
EndGlobal
